// !$*UTF8*$!
{
	archiveVersion = 1;
	classes = {
	};
	objectVersion = 56;
	objects = {

/* Begin PBXBuildFile section */
		CED6DE0329CA29A900C9AABB /* AppDelegate.swift in Sources */ = {isa = PBXBuildFile; fileRef = CED6DE0229CA29A900C9AABB /* AppDelegate.swift */; };
		CED6DE0529CA29A900C9AABB /* SceneDelegate.swift in Sources */ = {isa = PBXBuildFile; fileRef = CED6DE0429CA29A900C9AABB /* SceneDelegate.swift */; };
		CED6DE0729CA29A900C9AABB /* MainViewController.swift in Sources */ = {isa = PBXBuildFile; fileRef = CED6DE0629CA29A900C9AABB /* MainViewController.swift */; };
		CED6DE0A29CA29A900C9AABB /* Main.storyboard in Resources */ = {isa = PBXBuildFile; fileRef = CED6DE0829CA29A900C9AABB /* Main.storyboard */; };
		CED6DE0C29CA29A900C9AABB /* Assets.xcassets in Resources */ = {isa = PBXBuildFile; fileRef = CED6DE0B29CA29A900C9AABB /* Assets.xcassets */; };
		CED6DE0F29CA29A900C9AABB /* LaunchScreen.storyboard in Resources */ = {isa = PBXBuildFile; fileRef = CED6DE0D29CA29A900C9AABB /* LaunchScreen.storyboard */; };
		CED6DE1B29CA2A7500C9AABB /* Model.swift in Sources */ = {isa = PBXBuildFile; fileRef = CED6DE1A29CA2A7500C9AABB /* Model.swift */; };
/* End PBXBuildFile section */

/* Begin PBXFileReference section */
		CED6DDFF29CA29A900C9AABB /* Network!.app */ = {isa = PBXFileReference; explicitFileType = wrapper.application; includeInIndex = 0; path = "Network!.app"; sourceTree = BUILT_PRODUCTS_DIR; };
		CED6DE0229CA29A900C9AABB /* AppDelegate.swift */ = {isa = PBXFileReference; lastKnownFileType = sourcecode.swift; path = AppDelegate.swift; sourceTree = "<group>"; };
		CED6DE0429CA29A900C9AABB /* SceneDelegate.swift */ = {isa = PBXFileReference; lastKnownFileType = sourcecode.swift; path = SceneDelegate.swift; sourceTree = "<group>"; };
		CED6DE0629CA29A900C9AABB /* MainViewController.swift */ = {isa = PBXFileReference; lastKnownFileType = sourcecode.swift; path = MainViewController.swift; sourceTree = "<group>"; };
		CED6DE0929CA29A900C9AABB /* Base */ = {isa = PBXFileReference; lastKnownFileType = file.storyboard; name = Base; path = Base.lproj/Main.storyboard; sourceTree = "<group>"; };
		CED6DE0B29CA29A900C9AABB /* Assets.xcassets */ = {isa = PBXFileReference; lastKnownFileType = folder.assetcatalog; path = Assets.xcassets; sourceTree = "<group>"; };
		CED6DE0E29CA29A900C9AABB /* Base */ = {isa = PBXFileReference; lastKnownFileType = file.storyboard; name = Base; path = Base.lproj/LaunchScreen.storyboard; sourceTree = "<group>"; };
		CED6DE1029CA29A900C9AABB /* Info.plist */ = {isa = PBXFileReference; lastKnownFileType = text.plist.xml; path = Info.plist; sourceTree = "<group>"; };
		CED6DE1A29CA2A7500C9AABB /* Model.swift */ = {isa = PBXFileReference; lastKnownFileType = sourcecode.swift; path = Model.swift; sourceTree = "<group>"; };
/* End PBXFileReference section */

/* Begin PBXFrameworksBuildPhase section */
		CED6DDFC29CA29A900C9AABB /* Frameworks */ = {
			isa = PBXFrameworksBuildPhase;
			buildActionMask = 2147483647;
			files = (
			);
			runOnlyForDeploymentPostprocessing = 0;
		};
/* End PBXFrameworksBuildPhase section */

/* Begin PBXGroup section */
		CED6DDF629CA29A800C9AABB = {
			isa = PBXGroup;
			children = (
				CED6DE0129CA29A900C9AABB /* Network! */,
				CED6DE0029CA29A900C9AABB /* Products */,
			);
			sourceTree = "<group>";
		};
		CED6DE0029CA29A900C9AABB /* Products */ = {
			isa = PBXGroup;
			children = (
				CED6DDFF29CA29A900C9AABB /* Network!.app */,
			);
			name = Products;
			sourceTree = "<group>";
		};
		CED6DE0129CA29A900C9AABB /* Network! */ = {
			isa = PBXGroup;
			children = (
				CED6DE1629CA2A2200C9AABB /* App */,
				CED6DE1729CA2A2C00C9AABB /* ViewControllers */,
				CED6DE0B29CA29A900C9AABB /* Assets.xcassets */,
				CED6DE1C29CA2A8400C9AABB /* Models */,
				CED6DE1829CA2A4600C9AABB /* Storyboards */,
			);
			path = "Network!";
			sourceTree = "<group>";
		};
		CED6DE1629CA2A2200C9AABB /* App */ = {
			isa = PBXGroup;
			children = (
				CED6DE0229CA29A900C9AABB /* AppDelegate.swift */,
				CED6DE0429CA29A900C9AABB /* SceneDelegate.swift */,
				CED6DE1029CA29A900C9AABB /* Info.plist */,
			);
			path = App;
			sourceTree = "<group>";
		};
		CED6DE1729CA2A2C00C9AABB /* ViewControllers */ = {
			isa = PBXGroup;
			children = (
				CED6DE0629CA29A900C9AABB /* MainViewController.swift */,
			);
			path = ViewControllers;
			sourceTree = "<group>";
		};
		CED6DE1829CA2A4600C9AABB /* Storyboards */ = {
			isa = PBXGroup;
			children = (
				CED6DE0829CA29A900C9AABB /* Main.storyboard */,
				CED6DE0D29CA29A900C9AABB /* LaunchScreen.storyboard */,
			);
			path = Storyboards;
			sourceTree = "<group>";
		};
		CED6DE1C29CA2A8400C9AABB /* Models */ = {
			isa = PBXGroup;
			children = (
				CED6DE1A29CA2A7500C9AABB /* Model.swift */,
			);
			path = Models;
			sourceTree = "<group>";
		};
/* End PBXGroup section */

/* Begin PBXNativeTarget section */
		CED6DDFE29CA29A900C9AABB /* Network! */ = {
			isa = PBXNativeTarget;
			buildConfigurationList = CED6DE1329CA29A900C9AABB /* Build configuration list for PBXNativeTarget "Network!" */;
			buildPhases = (
				CED6DDFB29CA29A900C9AABB /* Sources */,
				CED6DDFC29CA29A900C9AABB /* Frameworks */,
				CED6DDFD29CA29A900C9AABB /* Resources */,
			);
			buildRules = (
			);
			dependencies = (
			);
			name = "Network!";
			productName = "Network!";
			productReference = CED6DDFF29CA29A900C9AABB /* Network!.app */;
			productType = "com.apple.product-type.application";
		};
/* End PBXNativeTarget section */

/* Begin PBXProject section */
		CED6DDF729CA29A800C9AABB /* Project object */ = {
			isa = PBXProject;
			attributes = {
				BuildIndependentTargetsInParallel = 1;
				LastSwiftUpdateCheck = 1420;
				LastUpgradeCheck = 1420;
				TargetAttributes = {
					CED6DDFE29CA29A900C9AABB = {
						CreatedOnToolsVersion = 14.2;
					};
				};
			};
			buildConfigurationList = CED6DDFA29CA29A800C9AABB /* Build configuration list for PBXProject "Network!" */;
			compatibilityVersion = "Xcode 14.0";
			developmentRegion = en;
			hasScannedForEncodings = 0;
			knownRegions = (
				en,
				Base,
			);
			mainGroup = CED6DDF629CA29A800C9AABB;
			productRefGroup = CED6DE0029CA29A900C9AABB /* Products */;
			projectDirPath = "";
			projectRoot = "";
			targets = (
				CED6DDFE29CA29A900C9AABB /* Network! */,
			);
		};
/* End PBXProject section */

/* Begin PBXResourcesBuildPhase section */
		CED6DDFD29CA29A900C9AABB /* Resources */ = {
			isa = PBXResourcesBuildPhase;
			buildActionMask = 2147483647;
			files = (
				CED6DE0F29CA29A900C9AABB /* LaunchScreen.storyboard in Resources */,
				CED6DE0C29CA29A900C9AABB /* Assets.xcassets in Resources */,
				CED6DE0A29CA29A900C9AABB /* Main.storyboard in Resources */,
			);
			runOnlyForDeploymentPostprocessing = 0;
		};
/* End PBXResourcesBuildPhase section */

/* Begin PBXSourcesBuildPhase section */
		CED6DDFB29CA29A900C9AABB /* Sources */ = {
			isa = PBXSourcesBuildPhase;
			buildActionMask = 2147483647;
			files = (
				CED6DE0729CA29A900C9AABB /* MainViewController.swift in Sources */,
				CED6DE0329CA29A900C9AABB /* AppDelegate.swift in Sources */,
				CED6DE0529CA29A900C9AABB /* SceneDelegate.swift in Sources */,
				CED6DE1B29CA2A7500C9AABB /* Model.swift in Sources */,
			);
			runOnlyForDeploymentPostprocessing = 0;
		};
/* End PBXSourcesBuildPhase section */

/* Begin PBXVariantGroup section */
		CED6DE0829CA29A900C9AABB /* Main.storyboard */ = {
			isa = PBXVariantGroup;
			children = (
				CED6DE0929CA29A900C9AABB /* Base */,
			);
			name = Main.storyboard;
			sourceTree = "<group>";
		};
		CED6DE0D29CA29A900C9AABB /* LaunchScreen.storyboard */ = {
			isa = PBXVariantGroup;
			children = (
				CED6DE0E29CA29A900C9AABB /* Base */,
			);
			name = LaunchScreen.storyboard;
			sourceTree = "<group>";
		};
/* End PBXVariantGroup section */

/* Begin XCBuildConfiguration section */
		CED6DE1129CA29A900C9AABB /* Debug */ = {
			isa = XCBuildConfiguration;
			buildSettings = {
				ALWAYS_SEARCH_USER_PATHS = NO;
				CLANG_ANALYZER_NONNULL = YES;
				CLANG_ANALYZER_NUMBER_OBJECT_CONVERSION = YES_AGGRESSIVE;
				CLANG_CXX_LANGUAGE_STANDARD = "gnu++20";
				CLANG_ENABLE_MODULES = YES;
				CLANG_ENABLE_OBJC_ARC = YES;
				CLANG_ENABLE_OBJC_WEAK = YES;
				CLANG_WARN_BLOCK_CAPTURE_AUTORELEASING = YES;
				CLANG_WARN_BOOL_CONVERSION = YES;
				CLANG_WARN_COMMA = YES;
				CLANG_WARN_CONSTANT_CONVERSION = YES;
				CLANG_WARN_DEPRECATED_OBJC_IMPLEMENTATIONS = YES;
				CLANG_WARN_DIRECT_OBJC_ISA_USAGE = YES_ERROR;
				CLANG_WARN_DOCUMENTATION_COMMENTS = YES;
				CLANG_WARN_EMPTY_BODY = YES;
				CLANG_WARN_ENUM_CONVERSION = YES;
				CLANG_WARN_INFINITE_RECURSION = YES;
				CLANG_WARN_INT_CONVERSION = YES;
				CLANG_WARN_NON_LITERAL_NULL_CONVERSION = YES;
				CLANG_WARN_OBJC_IMPLICIT_RETAIN_SELF = YES;
				CLANG_WARN_OBJC_LITERAL_CONVERSION = YES;
				CLANG_WARN_OBJC_ROOT_CLASS = YES_ERROR;
				CLANG_WARN_QUOTED_INCLUDE_IN_FRAMEWORK_HEADER = YES;
				CLANG_WARN_RANGE_LOOP_ANALYSIS = YES;
				CLANG_WARN_STRICT_PROTOTYPES = YES;
				CLANG_WARN_SUSPICIOUS_MOVE = YES;
				CLANG_WARN_UNGUARDED_AVAILABILITY = YES_AGGRESSIVE;
				CLANG_WARN_UNREACHABLE_CODE = YES;
				CLANG_WARN__DUPLICATE_METHOD_MATCH = YES;
				COPY_PHASE_STRIP = NO;
				DEBUG_INFORMATION_FORMAT = dwarf;
				ENABLE_STRICT_OBJC_MSGSEND = YES;
				ENABLE_TESTABILITY = YES;
				GCC_C_LANGUAGE_STANDARD = gnu11;
				GCC_DYNAMIC_NO_PIC = NO;
				GCC_NO_COMMON_BLOCKS = YES;
				GCC_OPTIMIZATION_LEVEL = 0;
				GCC_PREPROCESSOR_DEFINITIONS = (
					"DEBUG=1",
					"$(inherited)",
				);
				GCC_WARN_64_TO_32_BIT_CONVERSION = YES;
				GCC_WARN_ABOUT_RETURN_TYPE = YES_ERROR;
				GCC_WARN_UNDECLARED_SELECTOR = YES;
				GCC_WARN_UNINITIALIZED_AUTOS = YES_AGGRESSIVE;
				GCC_WARN_UNUSED_FUNCTION = YES;
				GCC_WARN_UNUSED_VARIABLE = YES;
				IPHONEOS_DEPLOYMENT_TARGET = 16.2;
				MTL_ENABLE_DEBUG_INFO = INCLUDE_SOURCE;
				MTL_FAST_MATH = YES;
				ONLY_ACTIVE_ARCH = YES;
				SDKROOT = iphoneos;
				SWIFT_ACTIVE_COMPILATION_CONDITIONS = DEBUG;
				SWIFT_OPTIMIZATION_LEVEL = "-Onone";
			};
			name = Debug;
		};
		CED6DE1229CA29A900C9AABB /* Release */ = {
			isa = XCBuildConfiguration;
			buildSettings = {
				ALWAYS_SEARCH_USER_PATHS = NO;
				CLANG_ANALYZER_NONNULL = YES;
				CLANG_ANALYZER_NUMBER_OBJECT_CONVERSION = YES_AGGRESSIVE;
				CLANG_CXX_LANGUAGE_STANDARD = "gnu++20";
				CLANG_ENABLE_MODULES = YES;
				CLANG_ENABLE_OBJC_ARC = YES;
				CLANG_ENABLE_OBJC_WEAK = YES;
				CLANG_WARN_BLOCK_CAPTURE_AUTORELEASING = YES;
				CLANG_WARN_BOOL_CONVERSION = YES;
				CLANG_WARN_COMMA = YES;
				CLANG_WARN_CONSTANT_CONVERSION = YES;
				CLANG_WARN_DEPRECATED_OBJC_IMPLEMENTATIONS = YES;
				CLANG_WARN_DIRECT_OBJC_ISA_USAGE = YES_ERROR;
				CLANG_WARN_DOCUMENTATION_COMMENTS = YES;
				CLANG_WARN_EMPTY_BODY = YES;
				CLANG_WARN_ENUM_CONVERSION = YES;
				CLANG_WARN_INFINITE_RECURSION = YES;
				CLANG_WARN_INT_CONVERSION = YES;
				CLANG_WARN_NON_LITERAL_NULL_CONVERSION = YES;
				CLANG_WARN_OBJC_IMPLICIT_RETAIN_SELF = YES;
				CLANG_WARN_OBJC_LITERAL_CONVERSION = YES;
				CLANG_WARN_OBJC_ROOT_CLASS = YES_ERROR;
				CLANG_WARN_QUOTED_INCLUDE_IN_FRAMEWORK_HEADER = YES;
				CLANG_WARN_RANGE_LOOP_ANALYSIS = YES;
				CLANG_WARN_STRICT_PROTOTYPES = YES;
				CLANG_WARN_SUSPICIOUS_MOVE = YES;
				CLANG_WARN_UNGUARDED_AVAILABILITY = YES_AGGRESSIVE;
				CLANG_WARN_UNREACHABLE_CODE = YES;
				CLANG_WARN__DUPLICATE_METHOD_MATCH = YES;
				COPY_PHASE_STRIP = NO;
				DEBUG_INFORMATION_FORMAT = "dwarf-with-dsym";
				ENABLE_NS_ASSERTIONS = NO;
				ENABLE_STRICT_OBJC_MSGSEND = YES;
				GCC_C_LANGUAGE_STANDARD = gnu11;
				GCC_NO_COMMON_BLOCKS = YES;
				GCC_WARN_64_TO_32_BIT_CONVERSION = YES;
				GCC_WARN_ABOUT_RETURN_TYPE = YES_ERROR;
				GCC_WARN_UNDECLARED_SELECTOR = YES;
				GCC_WARN_UNINITIALIZED_AUTOS = YES_AGGRESSIVE;
				GCC_WARN_UNUSED_FUNCTION = YES;
				GCC_WARN_UNUSED_VARIABLE = YES;
				IPHONEOS_DEPLOYMENT_TARGET = 16.2;
				MTL_ENABLE_DEBUG_INFO = NO;
				MTL_FAST_MATH = YES;
				SDKROOT = iphoneos;
				SWIFT_COMPILATION_MODE = wholemodule;
				SWIFT_OPTIMIZATION_LEVEL = "-O";
				VALIDATE_PRODUCT = YES;
			};
			name = Release;
		};
		CED6DE1429CA29A900C9AABB /* Debug */ = {
			isa = XCBuildConfiguration;
			buildSettings = {
				ASSETCATALOG_COMPILER_APPICON_NAME = AppIcon;
				ASSETCATALOG_COMPILER_GLOBAL_ACCENT_COLOR_NAME = AccentColor;
				CODE_SIGN_STYLE = Automatic;
				CURRENT_PROJECT_VERSION = 1;
				GENERATE_INFOPLIST_FILE = YES;
				INFOPLIST_FILE = "Network!/App/Info.plist";
				INFOPLIST_KEY_UIApplicationSupportsIndirectInputEvents = YES;
				INFOPLIST_KEY_UILaunchStoryboardName = LaunchScreen;
				INFOPLIST_KEY_UIMainStoryboardFile = Main;
				INFOPLIST_KEY_UISupportedInterfaceOrientations = UIInterfaceOrientationPortrait;
				INFOPLIST_KEY_UISupportedInterfaceOrientations_iPad = "UIInterfaceOrientationLandscapeLeft UIInterfaceOrientationLandscapeRight UIInterfaceOrientationPortrait UIInterfaceOrientationPortraitUpsideDown";
				LD_RUNPATH_SEARCH_PATHS = (
					"$(inherited)",
					"@executable_path/Frameworks",
				);
				MARKETING_VERSION = 1.0;
				PRODUCT_BUNDLE_IDENTIFIER = "gudzon818.Network-";
				PRODUCT_NAME = "$(TARGET_NAME)";
				SUPPORTED_PLATFORMS = "iphoneos iphonesimulator";
				SUPPORTS_MACCATALYST = NO;
				SUPPORTS_MAC_DESIGNED_FOR_IPHONE_IPAD = NO;
				SWIFT_EMIT_LOC_STRINGS = YES;
				SWIFT_VERSION = 5.0;
				TARGETED_DEVICE_FAMILY = 1;
			};
			name = Debug;
		};
		CED6DE1529CA29A900C9AABB /* Release */ = {
			isa = XCBuildConfiguration;
			buildSettings = {
				ASSETCATALOG_COMPILER_APPICON_NAME = AppIcon;
				ASSETCATALOG_COMPILER_GLOBAL_ACCENT_COLOR_NAME = AccentColor;
				CODE_SIGN_STYLE = Automatic;
				CURRENT_PROJECT_VERSION = 1;
				GENERATE_INFOPLIST_FILE = YES;
				INFOPLIST_FILE = "Network!/App/Info.plist";
				INFOPLIST_KEY_UIApplicationSupportsIndirectInputEvents = YES;
				INFOPLIST_KEY_UILaunchStoryboardName = LaunchScreen;
				INFOPLIST_KEY_UIMainStoryboardFile = Main;
				INFOPLIST_KEY_UISupportedInterfaceOrientations = UIInterfaceOrientationPortrait;
				INFOPLIST_KEY_UISupportedInterfaceOrientations_iPad = "UIInterfaceOrientationLandscapeLeft UIInterfaceOrientationLandscapeRight UIInterfaceOrientationPortrait UIInterfaceOrientationPortraitUpsideDown";
				LD_RUNPATH_SEARCH_PATHS = (
					"$(inherited)",
					"@executable_path/Frameworks",
				);
				MARKETING_VERSION = 1.0;
				PRODUCT_BUNDLE_IDENTIFIER = "gudzon818.Network-";
				PRODUCT_NAME = "$(TARGET_NAME)";
				SUPPORTED_PLATFORMS = "iphoneos iphonesimulator";
				SUPPORTS_MACCATALYST = NO;
				SUPPORTS_MAC_DESIGNED_FOR_IPHONE_IPAD = NO;
				SWIFT_EMIT_LOC_STRINGS = YES;
				SWIFT_VERSION = 5.0;
				TARGETED_DEVICE_FAMILY = 1;
			};
			name = Release;
		};
/* End XCBuildConfiguration section */

/* Begin XCConfigurationList section */
		CED6DDFA29CA29A800C9AABB /* Build configuration list for PBXProject "Network!" */ = {
			isa = XCConfigurationList;
			buildConfigurations = (
				CED6DE1129CA29A900C9AABB /* Debug */,
				CED6DE1229CA29A900C9AABB /* Release */,
			);
			defaultConfigurationIsVisible = 0;
			defaultConfigurationName = Release;
		};
		CED6DE1329CA29A900C9AABB /* Build configuration list for PBXNativeTarget "Network!" */ = {
			isa = XCConfigurationList;
			buildConfigurations = (
				CED6DE1429CA29A900C9AABB /* Debug */,
				CED6DE1529CA29A900C9AABB /* Release */,
			);
			defaultConfigurationIsVisible = 0;
			defaultConfigurationName = Release;
		};
/* End XCConfigurationList section */
	};
	rootObject = CED6DDF729CA29A800C9AABB /* Project object */;
}
